// !$*UTF8*$!
{
	archiveVersion = 1;
	classes = {
	};
	objectVersion = 55;
	objects = {

/* Begin PBXBuildFile section */
		5311B9E027FDE6A600C44C73 /* URLSession+WALEURLSessionProtocol.swift in Sources */ = {isa = PBXBuildFile; fileRef = 5311B9DF27FDE6A600C44C73 /* URLSession+WALEURLSessionProtocol.swift */; };
		5311B9E227FDE6C400C44C73 /* Date+Helper.swift in Sources */ = {isa = PBXBuildFile; fileRef = 5311B9E127FDE6C400C44C73 /* Date+Helper.swift */; };
		5311B9E527FDF35000C44C73 /* WALELandingViewModel.swift in Sources */ = {isa = PBXBuildFile; fileRef = 5311B9E427FDF34F00C44C73 /* WALELandingViewModel.swift */; };
		5326BF6227FD6AC0004D2190 /* WALENetworkMonitor.swift in Sources */ = {isa = PBXBuildFile; fileRef = 5326BF6127FD6AC0004D2190 /* WALENetworkMonitor.swift */; };
		5326BF6627FD782D004D2190 /* WALELandingViewController.swift in Sources */ = {isa = PBXBuildFile; fileRef = 5326BF6527FD782D004D2190 /* WALELandingViewController.swift */; };
		5326BF6A27FD8209004D2190 /* WALELandingTableCell.swift in Sources */ = {isa = PBXBuildFile; fileRef = 5326BF6827FD8209004D2190 /* WALELandingTableCell.swift */; };
		5326BF6B27FD8209004D2190 /* WALELandingTableCell.xib in Resources */ = {isa = PBXBuildFile; fileRef = 5326BF6927FD8209004D2190 /* WALELandingTableCell.xib */; };
		5326BF6E27FDB396004D2190 /* URLResponse+Helper.swift in Sources */ = {isa = PBXBuildFile; fileRef = 5326BF6D27FDB396004D2190 /* URLResponse+Helper.swift */; };
		5326BF7127FDC65F004D2190 /* WALELandingInteractor.swift in Sources */ = {isa = PBXBuildFile; fileRef = 5326BF7027FDC65F004D2190 /* WALELandingInteractor.swift */; };
		5326BF7327FDC87A004D2190 /* WALELandingPresenter.swift in Sources */ = {isa = PBXBuildFile; fileRef = 5326BF7227FDC87A004D2190 /* WALELandingPresenter.swift */; };
		5326BF7627FDD6B7004D2190 /* WALELandingAPIWorker.swift in Sources */ = {isa = PBXBuildFile; fileRef = 5326BF7527FDD6B7004D2190 /* WALELandingAPIWorker.swift */; };
		5326BF7A27FDD9C3004D2190 /* APOD.swift in Sources */ = {isa = PBXBuildFile; fileRef = 5326BF7927FDD9C3004D2190 /* APOD.swift */; };
		5326BF7D27FDDE24004D2190 /* WalE_SwiftUITests.swift in Sources */ = {isa = PBXBuildFile; fileRef = 5326BF7B27FDDE24004D2190 /* WalE_SwiftUITests.swift */; };
		5326BF7E27FDDE24004D2190 /* WalE_SwiftUITestsLaunchTests.swift in Sources */ = {isa = PBXBuildFile; fileRef = 5326BF7C27FDDE24004D2190 /* WalE_SwiftUITestsLaunchTests.swift */; };
		533230C927FC8965009F0A91 /* AppDelegate.swift in Sources */ = {isa = PBXBuildFile; fileRef = 533230C827FC8965009F0A91 /* AppDelegate.swift */; };
		533230CB27FC8965009F0A91 /* SceneDelegate.swift in Sources */ = {isa = PBXBuildFile; fileRef = 533230CA27FC8965009F0A91 /* SceneDelegate.swift */; };
		533230D027FC8965009F0A91 /* Main.storyboard in Resources */ = {isa = PBXBuildFile; fileRef = 533230CE27FC8965009F0A91 /* Main.storyboard */; };
		533230D227FC896A009F0A91 /* Assets.xcassets in Resources */ = {isa = PBXBuildFile; fileRef = 533230D127FC896A009F0A91 /* Assets.xcassets */; };
		533230D527FC896A009F0A91 /* LaunchScreen.storyboard in Resources */ = {isa = PBXBuildFile; fileRef = 533230D327FC896A009F0A91 /* LaunchScreen.storyboard */; };
		533230E027FC896A009F0A91 /* WalE_SwiftTests.swift in Sources */ = {isa = PBXBuildFile; fileRef = 533230DF27FC896A009F0A91 /* WalE_SwiftTests.swift */; };
		533230FC27FC9D52009F0A91 /* WALENetworkManager.swift in Sources */ = {isa = PBXBuildFile; fileRef = 533230FB27FC9D52009F0A91 /* WALENetworkManager.swift */; };
		533230FF27FC9F61009F0A91 /* WALEConstant.swift in Sources */ = {isa = PBXBuildFile; fileRef = 533230FE27FC9F61009F0A91 /* WALEConstant.swift */; };
		534966E0280089DF0054B0FE /* String+Helper.swift in Sources */ = {isa = PBXBuildFile; fileRef = 534966DF280089DF0054B0FE /* String+Helper.swift */; };
		534F7B4B2805CE7C0086A9BA /* WALESwiftLandingControllerTest.swift in Sources */ = {isa = PBXBuildFile; fileRef = 5372E6FF280455A200E55EB3 /* WALESwiftLandingControllerTest.swift */; };
		5372E7022804740100E55EB3 /* WALELandingInteractorTest.swift in Sources */ = {isa = PBXBuildFile; fileRef = 5372E7012804740100E55EB3 /* WALELandingInteractorTest.swift */; };
		5372E7042804781300E55EB3 /* WALELandingConfigurator.swift in Sources */ = {isa = PBXBuildFile; fileRef = 5372E7032804781300E55EB3 /* WALELandingConfigurator.swift */; };
		537891AF28055B08003518FE /* placeholder.png in Resources */ = {isa = PBXBuildFile; fileRef = 537891AE28055B08003518FE /* placeholder.png */; };
		538121D62803F0750046483C /* WALELandingImageTableCell.swift in Sources */ = {isa = PBXBuildFile; fileRef = 538121D42803F0750046483C /* WALELandingImageTableCell.swift */; };
		538121D72803F0750046483C /* WALELandingImageTableCell.xib in Resources */ = {isa = PBXBuildFile; fileRef = 538121D52803F0750046483C /* WALELandingImageTableCell.xib */; };
		538121D92803F5AC0046483C /* NSObject+Helper.swift in Sources */ = {isa = PBXBuildFile; fileRef = 538121D82803F5AC0046483C /* NSObject+Helper.swift */; };
		539B999E2805BB7E00B63F6D /* WALELandingPresenterTest.swift in Sources */ = {isa = PBXBuildFile; fileRef = 539B999D2805BB7E00B63F6D /* WALELandingPresenterTest.swift */; };
		539B99A02805C32600B63F6D /* WALEMockData.swift in Sources */ = {isa = PBXBuildFile; fileRef = 539B999F2805C32600B63F6D /* WALEMockData.swift */; };
		53ACA7E528032EDA00A44115 /* WALEStorageManager.swift in Sources */ = {isa = PBXBuildFile; fileRef = 53ACA7E428032EDA00A44115 /* WALEStorageManager.swift */; };
/* End PBXBuildFile section */

/* Begin PBXContainerItemProxy section */
		533230DC27FC896A009F0A91 /* PBXContainerItemProxy */ = {
			isa = PBXContainerItemProxy;
			containerPortal = 533230BD27FC8965009F0A91 /* Project object */;
			proxyType = 1;
			remoteGlobalIDString = 533230C427FC8965009F0A91;
			remoteInfo = "WallE-Swift";
		};
		533230E627FC896A009F0A91 /* PBXContainerItemProxy */ = {
			isa = PBXContainerItemProxy;
			containerPortal = 533230BD27FC8965009F0A91 /* Project object */;
			proxyType = 1;
			remoteGlobalIDString = 533230C427FC8965009F0A91;
			remoteInfo = "WallE-Swift";
		};
/* End PBXContainerItemProxy section */

/* Begin PBXFileReference section */
		5311B9DF27FDE6A600C44C73 /* URLSession+WALEURLSessionProtocol.swift */ = {isa = PBXFileReference; lastKnownFileType = sourcecode.swift; path = "URLSession+WALEURLSessionProtocol.swift"; sourceTree = "<group>"; };
		5311B9E127FDE6C400C44C73 /* Date+Helper.swift */ = {isa = PBXFileReference; lastKnownFileType = sourcecode.swift; path = "Date+Helper.swift"; sourceTree = "<group>"; };
		5311B9E427FDF34F00C44C73 /* WALELandingViewModel.swift */ = {isa = PBXFileReference; lastKnownFileType = sourcecode.swift; path = WALELandingViewModel.swift; sourceTree = "<group>"; };
		5326BF6127FD6AC0004D2190 /* WALENetworkMonitor.swift */ = {isa = PBXFileReference; lastKnownFileType = sourcecode.swift; path = WALENetworkMonitor.swift; sourceTree = "<group>"; };
		5326BF6527FD782D004D2190 /* WALELandingViewController.swift */ = {isa = PBXFileReference; lastKnownFileType = sourcecode.swift; path = WALELandingViewController.swift; sourceTree = "<group>"; };
		5326BF6827FD8209004D2190 /* WALELandingTableCell.swift */ = {isa = PBXFileReference; lastKnownFileType = sourcecode.swift; path = WALELandingTableCell.swift; sourceTree = "<group>"; };
		5326BF6927FD8209004D2190 /* WALELandingTableCell.xib */ = {isa = PBXFileReference; lastKnownFileType = file.xib; path = WALELandingTableCell.xib; sourceTree = "<group>"; };
		5326BF6D27FDB396004D2190 /* URLResponse+Helper.swift */ = {isa = PBXFileReference; lastKnownFileType = sourcecode.swift; path = "URLResponse+Helper.swift"; sourceTree = "<group>"; };
		5326BF7027FDC65F004D2190 /* WALELandingInteractor.swift */ = {isa = PBXFileReference; lastKnownFileType = sourcecode.swift; path = WALELandingInteractor.swift; sourceTree = "<group>"; };
		5326BF7227FDC87A004D2190 /* WALELandingPresenter.swift */ = {isa = PBXFileReference; lastKnownFileType = sourcecode.swift; path = WALELandingPresenter.swift; sourceTree = "<group>"; };
		5326BF7527FDD6B7004D2190 /* WALELandingAPIWorker.swift */ = {isa = PBXFileReference; lastKnownFileType = sourcecode.swift; path = WALELandingAPIWorker.swift; sourceTree = "<group>"; };
		5326BF7927FDD9C3004D2190 /* APOD.swift */ = {isa = PBXFileReference; lastKnownFileType = sourcecode.swift; path = APOD.swift; sourceTree = "<group>"; };
		5326BF7B27FDDE24004D2190 /* WalE_SwiftUITests.swift */ = {isa = PBXFileReference; fileEncoding = 4; lastKnownFileType = sourcecode.swift; path = WalE_SwiftUITests.swift; sourceTree = "<group>"; };
		5326BF7C27FDDE24004D2190 /* WalE_SwiftUITestsLaunchTests.swift */ = {isa = PBXFileReference; fileEncoding = 4; lastKnownFileType = sourcecode.swift; path = WalE_SwiftUITestsLaunchTests.swift; sourceTree = "<group>"; };
		533230C527FC8965009F0A91 /* WalE-Swift.app */ = {isa = PBXFileReference; explicitFileType = wrapper.application; includeInIndex = 0; path = "WalE-Swift.app"; sourceTree = BUILT_PRODUCTS_DIR; };
		533230C827FC8965009F0A91 /* AppDelegate.swift */ = {isa = PBXFileReference; lastKnownFileType = sourcecode.swift; path = AppDelegate.swift; sourceTree = "<group>"; };
		533230CA27FC8965009F0A91 /* SceneDelegate.swift */ = {isa = PBXFileReference; lastKnownFileType = sourcecode.swift; path = SceneDelegate.swift; sourceTree = "<group>"; };
		533230CF27FC8965009F0A91 /* Base */ = {isa = PBXFileReference; lastKnownFileType = file.storyboard; name = Base; path = Base.lproj/Main.storyboard; sourceTree = "<group>"; };
		533230D127FC896A009F0A91 /* Assets.xcassets */ = {isa = PBXFileReference; lastKnownFileType = folder.assetcatalog; path = Assets.xcassets; sourceTree = "<group>"; };
		533230D427FC896A009F0A91 /* Base */ = {isa = PBXFileReference; lastKnownFileType = file.storyboard; name = Base; path = Base.lproj/LaunchScreen.storyboard; sourceTree = "<group>"; };
		533230D627FC896A009F0A91 /* Info.plist */ = {isa = PBXFileReference; lastKnownFileType = text.plist.xml; path = Info.plist; sourceTree = "<group>"; };
		533230DB27FC896A009F0A91 /* WalE-SwiftTests.xctest */ = {isa = PBXFileReference; explicitFileType = wrapper.cfbundle; includeInIndex = 0; path = "WalE-SwiftTests.xctest"; sourceTree = BUILT_PRODUCTS_DIR; };
		533230DF27FC896A009F0A91 /* WalE_SwiftTests.swift */ = {isa = PBXFileReference; lastKnownFileType = sourcecode.swift; path = WalE_SwiftTests.swift; sourceTree = "<group>"; };
		533230E527FC896A009F0A91 /* WalE-SwiftUITests.xctest */ = {isa = PBXFileReference; explicitFileType = wrapper.cfbundle; includeInIndex = 0; path = "WalE-SwiftUITests.xctest"; sourceTree = BUILT_PRODUCTS_DIR; };
		533230FB27FC9D52009F0A91 /* WALENetworkManager.swift */ = {isa = PBXFileReference; lastKnownFileType = sourcecode.swift; path = WALENetworkManager.swift; sourceTree = "<group>"; };
		533230FE27FC9F61009F0A91 /* WALEConstant.swift */ = {isa = PBXFileReference; lastKnownFileType = sourcecode.swift; path = WALEConstant.swift; sourceTree = "<group>"; };
		534966DF280089DF0054B0FE /* String+Helper.swift */ = {isa = PBXFileReference; lastKnownFileType = sourcecode.swift; path = "String+Helper.swift"; sourceTree = "<group>"; };
		5372E6FF280455A200E55EB3 /* WALESwiftLandingControllerTest.swift */ = {isa = PBXFileReference; lastKnownFileType = sourcecode.swift; path = WALESwiftLandingControllerTest.swift; sourceTree = "<group>"; };
		5372E7012804740100E55EB3 /* WALELandingInteractorTest.swift */ = {isa = PBXFileReference; lastKnownFileType = sourcecode.swift; path = WALELandingInteractorTest.swift; sourceTree = "<group>"; };
		5372E7032804781300E55EB3 /* WALELandingConfigurator.swift */ = {isa = PBXFileReference; lastKnownFileType = sourcecode.swift; path = WALELandingConfigurator.swift; sourceTree = "<group>"; };
		537891AE28055B08003518FE /* placeholder.png */ = {isa = PBXFileReference; lastKnownFileType = image.png; path = placeholder.png; sourceTree = "<group>"; };
		538121D42803F0750046483C /* WALELandingImageTableCell.swift */ = {isa = PBXFileReference; lastKnownFileType = sourcecode.swift; path = WALELandingImageTableCell.swift; sourceTree = "<group>"; };
		538121D52803F0750046483C /* WALELandingImageTableCell.xib */ = {isa = PBXFileReference; lastKnownFileType = file.xib; path = WALELandingImageTableCell.xib; sourceTree = "<group>"; };
		538121D82803F5AC0046483C /* NSObject+Helper.swift */ = {isa = PBXFileReference; lastKnownFileType = sourcecode.swift; path = "NSObject+Helper.swift"; sourceTree = "<group>"; };
		539B999D2805BB7E00B63F6D /* WALELandingPresenterTest.swift */ = {isa = PBXFileReference; lastKnownFileType = sourcecode.swift; path = WALELandingPresenterTest.swift; sourceTree = "<group>"; };
		539B999F2805C32600B63F6D /* WALEMockData.swift */ = {isa = PBXFileReference; lastKnownFileType = sourcecode.swift; path = WALEMockData.swift; sourceTree = "<group>"; };
		53ACA7E428032EDA00A44115 /* WALEStorageManager.swift */ = {isa = PBXFileReference; lastKnownFileType = sourcecode.swift; path = WALEStorageManager.swift; sourceTree = "<group>"; };
/* End PBXFileReference section */

/* Begin PBXFrameworksBuildPhase section */
		533230C227FC8965009F0A91 /* Frameworks */ = {
			isa = PBXFrameworksBuildPhase;
			buildActionMask = 2147483647;
			files = (
			);
			runOnlyForDeploymentPostprocessing = 0;
		};
		533230D827FC896A009F0A91 /* Frameworks */ = {
			isa = PBXFrameworksBuildPhase;
			buildActionMask = 2147483647;
			files = (
			);
			runOnlyForDeploymentPostprocessing = 0;
		};
		533230E227FC896A009F0A91 /* Frameworks */ = {
			isa = PBXFrameworksBuildPhase;
			buildActionMask = 2147483647;
			files = (
			);
			runOnlyForDeploymentPostprocessing = 0;
		};
/* End PBXFrameworksBuildPhase section */

/* Begin PBXGroup section */
		5326BF6727FD81E9004D2190 /* Cells */ = {
			isa = PBXGroup;
			children = (
				5326BF6827FD8209004D2190 /* WALELandingTableCell.swift */,
				5326BF6927FD8209004D2190 /* WALELandingTableCell.xib */,
				538121D42803F0750046483C /* WALELandingImageTableCell.swift */,
				538121D52803F0750046483C /* WALELandingImageTableCell.xib */,
			);
			path = Cells;
			sourceTree = "<group>";
		};
		5326BF6C27FDB386004D2190 /* Extensions */ = {
			isa = PBXGroup;
			children = (
				5326BF6D27FDB396004D2190 /* URLResponse+Helper.swift */,
				5311B9DF27FDE6A600C44C73 /* URLSession+WALEURLSessionProtocol.swift */,
				5311B9E127FDE6C400C44C73 /* Date+Helper.swift */,
				534966DF280089DF0054B0FE /* String+Helper.swift */,
				538121D82803F5AC0046483C /* NSObject+Helper.swift */,
			);
			path = Extensions;
			sourceTree = "<group>";
		};
		5326BF6F27FDC644004D2190 /* Interactor */ = {
			isa = PBXGroup;
			children = (
				5326BF7027FDC65F004D2190 /* WALELandingInteractor.swift */,
			);
			path = Interactor;
			sourceTree = "<group>";
		};
		5326BF7427FDC880004D2190 /* Presenter */ = {
			isa = PBXGroup;
			children = (
				5326BF7227FDC87A004D2190 /* WALELandingPresenter.swift */,
			);
			path = Presenter;
			sourceTree = "<group>";
		};
		5326BF7727FDD6C4004D2190 /* Worker */ = {
			isa = PBXGroup;
			children = (
				5326BF7527FDD6B7004D2190 /* WALELandingAPIWorker.swift */,
			);
			path = Worker;
			sourceTree = "<group>";
		};
		5326BF7827FDD9A4004D2190 /* Models */ = {
			isa = PBXGroup;
			children = (
				5326BF7927FDD9C3004D2190 /* APOD.swift */,
				5311B9E427FDF34F00C44C73 /* WALELandingViewModel.swift */,
			);
			path = Models;
			sourceTree = "<group>";
		};
		533230BC27FC8965009F0A91 = {
			isa = PBXGroup;
			children = (
				533230C727FC8965009F0A91 /* WalE-Swift */,
				533230DE27FC896A009F0A91 /* WalE-SwiftTests */,
				533230E827FC896A009F0A91 /* WalE-SwiftUITests */,
				533230C627FC8965009F0A91 /* Products */,
			);
			sourceTree = "<group>";
		};
		533230C627FC8965009F0A91 /* Products */ = {
			isa = PBXGroup;
			children = (
				533230C527FC8965009F0A91 /* WalE-Swift.app */,
				533230DB27FC896A009F0A91 /* WalE-SwiftTests.xctest */,
				533230E527FC896A009F0A91 /* WalE-SwiftUITests.xctest */,
			);
			name = Products;
			sourceTree = "<group>";
		};
		533230C727FC8965009F0A91 /* WalE-Swift */ = {
			isa = PBXGroup;
			children = (
				533230FD27FC9F45009F0A91 /* Utility */,
				533230FA27FC9D19009F0A91 /* Networking */,
				533230F827FC9BE3009F0A91 /* LandingScene */,
				533230C827FC8965009F0A91 /* AppDelegate.swift */,
				533230CA27FC8965009F0A91 /* SceneDelegate.swift */,
				533230CE27FC8965009F0A91 /* Main.storyboard */,
				533230D127FC896A009F0A91 /* Assets.xcassets */,
				533230D327FC896A009F0A91 /* LaunchScreen.storyboard */,
				533230D627FC896A009F0A91 /* Info.plist */,
			);
			path = "WalE-Swift";
			sourceTree = "<group>";
		};
		533230DE27FC896A009F0A91 /* WalE-SwiftTests */ = {
			isa = PBXGroup;
			children = (
				533230DF27FC896A009F0A91 /* WalE_SwiftTests.swift */,
				5372E6FF280455A200E55EB3 /* WALESwiftLandingControllerTest.swift */,
				5372E7012804740100E55EB3 /* WALELandingInteractorTest.swift */,
				539B999D2805BB7E00B63F6D /* WALELandingPresenterTest.swift */,
				539B999F2805C32600B63F6D /* WALEMockData.swift */,
				537891AE28055B08003518FE /* placeholder.png */,
			);
			path = "WalE-SwiftTests";
			sourceTree = "<group>";
		};
		533230E827FC896A009F0A91 /* WalE-SwiftUITests */ = {
			isa = PBXGroup;
			children = (
				5326BF7B27FDDE24004D2190 /* WalE_SwiftUITests.swift */,
				5326BF7C27FDDE24004D2190 /* WalE_SwiftUITestsLaunchTests.swift */,
			);
			path = "WalE-SwiftUITests";
			sourceTree = "<group>";
		};
		533230F827FC9BE3009F0A91 /* LandingScene */ = {
			isa = PBXGroup;
			children = (
				5326BF7827FDD9A4004D2190 /* Models */,
				5326BF7427FDC880004D2190 /* Presenter */,
				5326BF6F27FDC644004D2190 /* Interactor */,
				533230F927FC9BF3009F0A91 /* View */,
				5326BF7727FDD6C4004D2190 /* Worker */,
				5372E7032804781300E55EB3 /* WALELandingConfigurator.swift */,
			);
			path = LandingScene;
			sourceTree = "<group>";
		};
		533230F927FC9BF3009F0A91 /* View */ = {
			isa = PBXGroup;
			children = (
				5326BF6727FD81E9004D2190 /* Cells */,
				5326BF6527FD782D004D2190 /* WALELandingViewController.swift */,
			);
			path = View;
			sourceTree = "<group>";
		};
		533230FA27FC9D19009F0A91 /* Networking */ = {
			isa = PBXGroup;
			children = (
				533230FB27FC9D52009F0A91 /* WALENetworkManager.swift */,
				5326BF6127FD6AC0004D2190 /* WALENetworkMonitor.swift */,
			);
			path = Networking;
			sourceTree = "<group>";
		};
		533230FD27FC9F45009F0A91 /* Utility */ = {
			isa = PBXGroup;
			children = (
				5326BF6C27FDB386004D2190 /* Extensions */,
				533230FE27FC9F61009F0A91 /* WALEConstant.swift */,
				53ACA7E428032EDA00A44115 /* WALEStorageManager.swift */,
			);
			path = Utility;
			sourceTree = "<group>";
		};
/* End PBXGroup section */

/* Begin PBXNativeTarget section */
		533230C427FC8965009F0A91 /* WalE-Swift */ = {
			isa = PBXNativeTarget;
			buildConfigurationList = 533230EF27FC896A009F0A91 /* Build configuration list for PBXNativeTarget "WalE-Swift" */;
			buildPhases = (
				533230C127FC8965009F0A91 /* Sources */,
				533230C227FC8965009F0A91 /* Frameworks */,
				533230C327FC8965009F0A91 /* Resources */,
			);
			buildRules = (
			);
			dependencies = (
			);
			name = "WalE-Swift";
			productName = "WallE-Swift";
			productReference = 533230C527FC8965009F0A91 /* WalE-Swift.app */;
			productType = "com.apple.product-type.application";
		};
		533230DA27FC896A009F0A91 /* WalE-SwiftTests */ = {
			isa = PBXNativeTarget;
			buildConfigurationList = 533230F227FC896A009F0A91 /* Build configuration list for PBXNativeTarget "WalE-SwiftTests" */;
			buildPhases = (
				533230D727FC896A009F0A91 /* Sources */,
				533230D827FC896A009F0A91 /* Frameworks */,
				533230D927FC896A009F0A91 /* Resources */,
			);
			buildRules = (
			);
			dependencies = (
				533230DD27FC896A009F0A91 /* PBXTargetDependency */,
			);
			name = "WalE-SwiftTests";
			productName = "WallE-SwiftTests";
			productReference = 533230DB27FC896A009F0A91 /* WalE-SwiftTests.xctest */;
			productType = "com.apple.product-type.bundle.unit-test";
		};
		533230E427FC896A009F0A91 /* WalE-SwiftUITests */ = {
			isa = PBXNativeTarget;
			buildConfigurationList = 533230F527FC896A009F0A91 /* Build configuration list for PBXNativeTarget "WalE-SwiftUITests" */;
			buildPhases = (
				533230E127FC896A009F0A91 /* Sources */,
				533230E227FC896A009F0A91 /* Frameworks */,
				533230E327FC896A009F0A91 /* Resources */,
			);
			buildRules = (
			);
			dependencies = (
				533230E727FC896A009F0A91 /* PBXTargetDependency */,
			);
			name = "WalE-SwiftUITests";
			productName = "WallE-SwiftUITests";
			productReference = 533230E527FC896A009F0A91 /* WalE-SwiftUITests.xctest */;
			productType = "com.apple.product-type.bundle.ui-testing";
		};
/* End PBXNativeTarget section */

/* Begin PBXProject section */
		533230BD27FC8965009F0A91 /* Project object */ = {
			isa = PBXProject;
			attributes = {
				BuildIndependentTargetsInParallel = 1;
				LastSwiftUpdateCheck = 1320;
				LastUpgradeCheck = 1320;
				TargetAttributes = {
					533230C427FC8965009F0A91 = {
						CreatedOnToolsVersion = 13.2.1;
					};
					533230DA27FC896A009F0A91 = {
						CreatedOnToolsVersion = 13.2.1;
						TestTargetID = 533230C427FC8965009F0A91;
					};
					533230E427FC896A009F0A91 = {
						CreatedOnToolsVersion = 13.2.1;
						LastSwiftMigration = 1320;
						TestTargetID = 533230C427FC8965009F0A91;
					};
				};
			};
			buildConfigurationList = 533230C027FC8965009F0A91 /* Build configuration list for PBXProject "WalE-Swift" */;
			compatibilityVersion = "Xcode 13.0";
			developmentRegion = en;
			hasScannedForEncodings = 0;
			knownRegions = (
				en,
				Base,
			);
			mainGroup = 533230BC27FC8965009F0A91;
			productRefGroup = 533230C627FC8965009F0A91 /* Products */;
			projectDirPath = "";
			projectRoot = "";
			targets = (
				533230C427FC8965009F0A91 /* WalE-Swift */,
				533230DA27FC896A009F0A91 /* WalE-SwiftTests */,
				533230E427FC896A009F0A91 /* WalE-SwiftUITests */,
			);
		};
/* End PBXProject section */

/* Begin PBXResourcesBuildPhase section */
		533230C327FC8965009F0A91 /* Resources */ = {
			isa = PBXResourcesBuildPhase;
			buildActionMask = 2147483647;
			files = (
				533230D527FC896A009F0A91 /* LaunchScreen.storyboard in Resources */,
				533230D227FC896A009F0A91 /* Assets.xcassets in Resources */,
				538121D72803F0750046483C /* WALELandingImageTableCell.xib in Resources */,
				533230D027FC8965009F0A91 /* Main.storyboard in Resources */,
				5326BF6B27FD8209004D2190 /* WALELandingTableCell.xib in Resources */,
			);
			runOnlyForDeploymentPostprocessing = 0;
		};
		533230D927FC896A009F0A91 /* Resources */ = {
			isa = PBXResourcesBuildPhase;
			buildActionMask = 2147483647;
			files = (
				537891AF28055B08003518FE /* placeholder.png in Resources */,
			);
			runOnlyForDeploymentPostprocessing = 0;
		};
		533230E327FC896A009F0A91 /* Resources */ = {
			isa = PBXResourcesBuildPhase;
			buildActionMask = 2147483647;
			files = (
			);
			runOnlyForDeploymentPostprocessing = 0;
		};
/* End PBXResourcesBuildPhase section */

/* Begin PBXSourcesBuildPhase section */
		533230C127FC8965009F0A91 /* Sources */ = {
			isa = PBXSourcesBuildPhase;
			buildActionMask = 2147483647;
			files = (
				533230FC27FC9D52009F0A91 /* WALENetworkManager.swift in Sources */,
				5326BF6627FD782D004D2190 /* WALELandingViewController.swift in Sources */,
				5326BF7127FDC65F004D2190 /* WALELandingInteractor.swift in Sources */,
				5326BF6A27FD8209004D2190 /* WALELandingTableCell.swift in Sources */,
				5326BF7327FDC87A004D2190 /* WALELandingPresenter.swift in Sources */,
				5326BF6227FD6AC0004D2190 /* WALENetworkMonitor.swift in Sources */,
				538121D92803F5AC0046483C /* NSObject+Helper.swift in Sources */,
				5311B9E527FDF35000C44C73 /* WALELandingViewModel.swift in Sources */,
				533230C927FC8965009F0A91 /* AppDelegate.swift in Sources */,
				5372E7042804781300E55EB3 /* WALELandingConfigurator.swift in Sources */,
				5311B9E227FDE6C400C44C73 /* Date+Helper.swift in Sources */,
				533230FF27FC9F61009F0A91 /* WALEConstant.swift in Sources */,
				53ACA7E528032EDA00A44115 /* WALEStorageManager.swift in Sources */,
				533230CB27FC8965009F0A91 /* SceneDelegate.swift in Sources */,
				5311B9E027FDE6A600C44C73 /* URLSession+WALEURLSessionProtocol.swift in Sources */,
				538121D62803F0750046483C /* WALELandingImageTableCell.swift in Sources */,
				5326BF6E27FDB396004D2190 /* URLResponse+Helper.swift in Sources */,
				5326BF7627FDD6B7004D2190 /* WALELandingAPIWorker.swift in Sources */,
				534966E0280089DF0054B0FE /* String+Helper.swift in Sources */,
				5326BF7A27FDD9C3004D2190 /* APOD.swift in Sources */,
			);
			runOnlyForDeploymentPostprocessing = 0;
		};
		533230D727FC896A009F0A91 /* Sources */ = {
			isa = PBXSourcesBuildPhase;
			buildActionMask = 2147483647;
			files = (
				534F7B4B2805CE7C0086A9BA /* WALESwiftLandingControllerTest.swift in Sources */,
				539B999E2805BB7E00B63F6D /* WALELandingPresenterTest.swift in Sources */,
				5372E7022804740100E55EB3 /* WALELandingInteractorTest.swift in Sources */,
				539B99A02805C32600B63F6D /* WALEMockData.swift in Sources */,
				533230E027FC896A009F0A91 /* WalE_SwiftTests.swift in Sources */,
			);
			runOnlyForDeploymentPostprocessing = 0;
		};
		533230E127FC896A009F0A91 /* Sources */ = {
			isa = PBXSourcesBuildPhase;
			buildActionMask = 2147483647;
			files = (
				5326BF7D27FDDE24004D2190 /* WalE_SwiftUITests.swift in Sources */,
				5326BF7E27FDDE24004D2190 /* WalE_SwiftUITestsLaunchTests.swift in Sources */,
			);
			runOnlyForDeploymentPostprocessing = 0;
		};
/* End PBXSourcesBuildPhase section */

/* Begin PBXTargetDependency section */
		533230DD27FC896A009F0A91 /* PBXTargetDependency */ = {
			isa = PBXTargetDependency;
			target = 533230C427FC8965009F0A91 /* WalE-Swift */;
			targetProxy = 533230DC27FC896A009F0A91 /* PBXContainerItemProxy */;
		};
		533230E727FC896A009F0A91 /* PBXTargetDependency */ = {
			isa = PBXTargetDependency;
			target = 533230C427FC8965009F0A91 /* WalE-Swift */;
			targetProxy = 533230E627FC896A009F0A91 /* PBXContainerItemProxy */;
		};
/* End PBXTargetDependency section */

/* Begin PBXVariantGroup section */
		533230CE27FC8965009F0A91 /* Main.storyboard */ = {
			isa = PBXVariantGroup;
			children = (
				533230CF27FC8965009F0A91 /* Base */,
			);
			name = Main.storyboard;
			sourceTree = "<group>";
		};
		533230D327FC896A009F0A91 /* LaunchScreen.storyboard */ = {
			isa = PBXVariantGroup;
			children = (
				533230D427FC896A009F0A91 /* Base */,
			);
			name = LaunchScreen.storyboard;
			sourceTree = "<group>";
		};
/* End PBXVariantGroup section */

/* Begin XCBuildConfiguration section */
		533230ED27FC896A009F0A91 /* Debug */ = {
			isa = XCBuildConfiguration;
			buildSettings = {
				ALWAYS_SEARCH_USER_PATHS = NO;
				CLANG_ANALYZER_NONNULL = YES;
				CLANG_ANALYZER_NUMBER_OBJECT_CONVERSION = YES_AGGRESSIVE;
				CLANG_CXX_LANGUAGE_STANDARD = "gnu++17";
				CLANG_CXX_LIBRARY = "libc++";
				CLANG_ENABLE_MODULES = YES;
				CLANG_ENABLE_OBJC_ARC = YES;
				CLANG_ENABLE_OBJC_WEAK = YES;
				CLANG_WARN_BLOCK_CAPTURE_AUTORELEASING = YES;
				CLANG_WARN_BOOL_CONVERSION = YES;
				CLANG_WARN_COMMA = YES;
				CLANG_WARN_CONSTANT_CONVERSION = YES;
				CLANG_WARN_DEPRECATED_OBJC_IMPLEMENTATIONS = YES;
				CLANG_WARN_DIRECT_OBJC_ISA_USAGE = YES_ERROR;
				CLANG_WARN_DOCUMENTATION_COMMENTS = YES;
				CLANG_WARN_EMPTY_BODY = YES;
				CLANG_WARN_ENUM_CONVERSION = YES;
				CLANG_WARN_INFINITE_RECURSION = YES;
				CLANG_WARN_INT_CONVERSION = YES;
				CLANG_WARN_NON_LITERAL_NULL_CONVERSION = YES;
				CLANG_WARN_OBJC_IMPLICIT_RETAIN_SELF = YES;
				CLANG_WARN_OBJC_LITERAL_CONVERSION = YES;
				CLANG_WARN_OBJC_ROOT_CLASS = YES_ERROR;
				CLANG_WARN_QUOTED_INCLUDE_IN_FRAMEWORK_HEADER = YES;
				CLANG_WARN_RANGE_LOOP_ANALYSIS = YES;
				CLANG_WARN_STRICT_PROTOTYPES = YES;
				CLANG_WARN_SUSPICIOUS_MOVE = YES;
				CLANG_WARN_UNGUARDED_AVAILABILITY = YES_AGGRESSIVE;
				CLANG_WARN_UNREACHABLE_CODE = YES;
				CLANG_WARN__DUPLICATE_METHOD_MATCH = YES;
				COPY_PHASE_STRIP = NO;
				DEBUG_INFORMATION_FORMAT = dwarf;
				ENABLE_STRICT_OBJC_MSGSEND = YES;
				ENABLE_TESTABILITY = YES;
				GCC_C_LANGUAGE_STANDARD = gnu11;
				GCC_DYNAMIC_NO_PIC = NO;
				GCC_NO_COMMON_BLOCKS = YES;
				GCC_OPTIMIZATION_LEVEL = 0;
				GCC_PREPROCESSOR_DEFINITIONS = (
					"DEBUG=1",
					"$(inherited)",
				);
				GCC_WARN_64_TO_32_BIT_CONVERSION = YES;
				GCC_WARN_ABOUT_RETURN_TYPE = YES_ERROR;
				GCC_WARN_UNDECLARED_SELECTOR = YES;
				GCC_WARN_UNINITIALIZED_AUTOS = YES_AGGRESSIVE;
				GCC_WARN_UNUSED_FUNCTION = YES;
				GCC_WARN_UNUSED_VARIABLE = YES;
				IPHONEOS_DEPLOYMENT_TARGET = 13.0;
				MTL_ENABLE_DEBUG_INFO = INCLUDE_SOURCE;
				MTL_FAST_MATH = YES;
				ONLY_ACTIVE_ARCH = YES;
				SDKROOT = iphoneos;
				SWIFT_ACTIVE_COMPILATION_CONDITIONS = DEBUG;
				SWIFT_OPTIMIZATION_LEVEL = "-Onone";
				SWIFT_VERSION = 5.0;
			};
			name = Debug;
		};
		533230EE27FC896A009F0A91 /* Release */ = {
			isa = XCBuildConfiguration;
			buildSettings = {
				ALWAYS_SEARCH_USER_PATHS = NO;
				CLANG_ANALYZER_NONNULL = YES;
				CLANG_ANALYZER_NUMBER_OBJECT_CONVERSION = YES_AGGRESSIVE;
				CLANG_CXX_LANGUAGE_STANDARD = "gnu++17";
				CLANG_CXX_LIBRARY = "libc++";
				CLANG_ENABLE_MODULES = YES;
				CLANG_ENABLE_OBJC_ARC = YES;
				CLANG_ENABLE_OBJC_WEAK = YES;
				CLANG_WARN_BLOCK_CAPTURE_AUTORELEASING = YES;
				CLANG_WARN_BOOL_CONVERSION = YES;
				CLANG_WARN_COMMA = YES;
				CLANG_WARN_CONSTANT_CONVERSION = YES;
				CLANG_WARN_DEPRECATED_OBJC_IMPLEMENTATIONS = YES;
				CLANG_WARN_DIRECT_OBJC_ISA_USAGE = YES_ERROR;
				CLANG_WARN_DOCUMENTATION_COMMENTS = YES;
				CLANG_WARN_EMPTY_BODY = YES;
				CLANG_WARN_ENUM_CONVERSION = YES;
				CLANG_WARN_INFINITE_RECURSION = YES;
				CLANG_WARN_INT_CONVERSION = YES;
				CLANG_WARN_NON_LITERAL_NULL_CONVERSION = YES;
				CLANG_WARN_OBJC_IMPLICIT_RETAIN_SELF = YES;
				CLANG_WARN_OBJC_LITERAL_CONVERSION = YES;
				CLANG_WARN_OBJC_ROOT_CLASS = YES_ERROR;
				CLANG_WARN_QUOTED_INCLUDE_IN_FRAMEWORK_HEADER = YES;
				CLANG_WARN_RANGE_LOOP_ANALYSIS = YES;
				CLANG_WARN_STRICT_PROTOTYPES = YES;
				CLANG_WARN_SUSPICIOUS_MOVE = YES;
				CLANG_WARN_UNGUARDED_AVAILABILITY = YES_AGGRESSIVE;
				CLANG_WARN_UNREACHABLE_CODE = YES;
				CLANG_WARN__DUPLICATE_METHOD_MATCH = YES;
				COPY_PHASE_STRIP = NO;
				DEBUG_INFORMATION_FORMAT = "dwarf-with-dsym";
				ENABLE_NS_ASSERTIONS = NO;
				ENABLE_STRICT_OBJC_MSGSEND = YES;
				GCC_C_LANGUAGE_STANDARD = gnu11;
				GCC_NO_COMMON_BLOCKS = YES;
				GCC_WARN_64_TO_32_BIT_CONVERSION = YES;
				GCC_WARN_ABOUT_RETURN_TYPE = YES_ERROR;
				GCC_WARN_UNDECLARED_SELECTOR = YES;
				GCC_WARN_UNINITIALIZED_AUTOS = YES_AGGRESSIVE;
				GCC_WARN_UNUSED_FUNCTION = YES;
				GCC_WARN_UNUSED_VARIABLE = YES;
				IPHONEOS_DEPLOYMENT_TARGET = 13.0;
				MTL_ENABLE_DEBUG_INFO = NO;
				MTL_FAST_MATH = YES;
				SDKROOT = iphoneos;
				SWIFT_COMPILATION_MODE = wholemodule;
				SWIFT_OPTIMIZATION_LEVEL = "-O";
				SWIFT_VERSION = 5.0;
				VALIDATE_PRODUCT = YES;
			};
			name = Release;
		};
		533230F027FC896A009F0A91 /* Debug */ = {
			isa = XCBuildConfiguration;
			buildSettings = {
				ASSETCATALOG_COMPILER_APPICON_NAME = AppIcon;
				ASSETCATALOG_COMPILER_GLOBAL_ACCENT_COLOR_NAME = AccentColor;
				CODE_SIGN_STYLE = Automatic;
				CURRENT_PROJECT_VERSION = 1;
				DEVELOPMENT_TEAM = 9YKM5M98L4;
				GENERATE_INFOPLIST_FILE = YES;
				INFOPLIST_FILE = "WalE-Swift/Info.plist";
				INFOPLIST_KEY_UIApplicationSupportsIndirectInputEvents = YES;
				INFOPLIST_KEY_UILaunchStoryboardName = LaunchScreen;
				INFOPLIST_KEY_UIMainStoryboardFile = Main;
				INFOPLIST_KEY_UISupportedInterfaceOrientations = UIInterfaceOrientationPortrait;
				INFOPLIST_KEY_UISupportedInterfaceOrientations_iPad = "UIInterfaceOrientationPortrait UIInterfaceOrientationPortraitUpsideDown UIInterfaceOrientationLandscapeLeft UIInterfaceOrientationLandscapeRight";
				INFOPLIST_KEY_UISupportedInterfaceOrientations_iPhone = "UIInterfaceOrientationPortrait UIInterfaceOrientationLandscapeLeft UIInterfaceOrientationLandscapeRight";
				IPHONEOS_DEPLOYMENT_TARGET = 13.0;
				LD_RUNPATH_SEARCH_PATHS = (
					"$(inherited)",
					"@executable_path/Frameworks",
				);
				MARKETING_VERSION = 1.0;
				PRODUCT_BUNDLE_IDENTIFIER = "com.ab.wale.WalE-Swift";
				PRODUCT_NAME = "$(TARGET_NAME)";
				SWIFT_EMIT_LOC_STRINGS = YES;
				SWIFT_VERSION = 5.0;
				TARGETED_DEVICE_FAMILY = 1;
			};
			name = Debug;
		};
		533230F127FC896A009F0A91 /* Release */ = {
			isa = XCBuildConfiguration;
			buildSettings = {
				ASSETCATALOG_COMPILER_APPICON_NAME = AppIcon;
				ASSETCATALOG_COMPILER_GLOBAL_ACCENT_COLOR_NAME = AccentColor;
				CODE_SIGN_STYLE = Automatic;
				CURRENT_PROJECT_VERSION = 1;
				DEVELOPMENT_TEAM = 9YKM5M98L4;
				GENERATE_INFOPLIST_FILE = YES;
				INFOPLIST_FILE = "WalE-Swift/Info.plist";
				INFOPLIST_KEY_UIApplicationSupportsIndirectInputEvents = YES;
				INFOPLIST_KEY_UILaunchStoryboardName = LaunchScreen;
				INFOPLIST_KEY_UIMainStoryboardFile = Main;
				INFOPLIST_KEY_UISupportedInterfaceOrientations = UIInterfaceOrientationPortrait;
				INFOPLIST_KEY_UISupportedInterfaceOrientations_iPad = "UIInterfaceOrientationPortrait UIInterfaceOrientationPortraitUpsideDown UIInterfaceOrientationLandscapeLeft UIInterfaceOrientationLandscapeRight";
				INFOPLIST_KEY_UISupportedInterfaceOrientations_iPhone = "UIInterfaceOrientationPortrait UIInterfaceOrientationLandscapeLeft UIInterfaceOrientationLandscapeRight";
				IPHONEOS_DEPLOYMENT_TARGET = 13.0;
				LD_RUNPATH_SEARCH_PATHS = (
					"$(inherited)",
					"@executable_path/Frameworks",
				);
				MARKETING_VERSION = 1.0;
				PRODUCT_BUNDLE_IDENTIFIER = "com.ab.wale.WalE-Swift";
				PRODUCT_NAME = "$(TARGET_NAME)";
				SWIFT_EMIT_LOC_STRINGS = YES;
				SWIFT_VERSION = 5.0;
				TARGETED_DEVICE_FAMILY = 1;
			};
			name = Release;
		};
		533230F327FC896A009F0A91 /* Debug */ = {
			isa = XCBuildConfiguration;
			buildSettings = {
				ALWAYS_EMBED_SWIFT_STANDARD_LIBRARIES = YES;
				BUNDLE_LOADER = "$(TEST_HOST)";
				CODE_SIGN_STYLE = Automatic;
				CURRENT_PROJECT_VERSION = 1;
				DEVELOPMENT_TEAM = 9YKM5M98L4;
				GENERATE_INFOPLIST_FILE = YES;
				IPHONEOS_DEPLOYMENT_TARGET = 15.2;
				MARKETING_VERSION = 1.0;
				PRODUCT_BUNDLE_IDENTIFIER = "com.ab.walle.WallE-SwiftTests";
				PRODUCT_NAME = "$(TARGET_NAME)";
				SWIFT_EMIT_LOC_STRINGS = NO;
				SWIFT_VERSION = 5.0;
				TARGETED_DEVICE_FAMILY = "1,2";
				TEST_HOST = "$(BUILT_PRODUCTS_DIR)/WalE-Swift.app/WalE-Swift";
			};
			name = Debug;
		};
		533230F427FC896A009F0A91 /* Release */ = {
			isa = XCBuildConfiguration;
			buildSettings = {
				ALWAYS_EMBED_SWIFT_STANDARD_LIBRARIES = YES;
				BUNDLE_LOADER = "$(TEST_HOST)";
				CODE_SIGN_STYLE = Automatic;
				CURRENT_PROJECT_VERSION = 1;
				DEVELOPMENT_TEAM = 9YKM5M98L4;
				GENERATE_INFOPLIST_FILE = YES;
				IPHONEOS_DEPLOYMENT_TARGET = 15.2;
				MARKETING_VERSION = 1.0;
				PRODUCT_BUNDLE_IDENTIFIER = "com.ab.walle.WallE-SwiftTests";
				PRODUCT_NAME = "$(TARGET_NAME)";
				SWIFT_EMIT_LOC_STRINGS = NO;
				SWIFT_VERSION = 5.0;
				TARGETED_DEVICE_FAMILY = "1,2";
				TEST_HOST = "$(BUILT_PRODUCTS_DIR)/WalE-Swift.app/WalE-Swift";
			};
			name = Release;
		};
		533230F627FC896A009F0A91 /* Debug */ = {
			isa = XCBuildConfiguration;
			buildSettings = {
				ALWAYS_EMBED_SWIFT_STANDARD_LIBRARIES = YES;
				CLANG_ENABLE_MODULES = YES;
				CODE_SIGN_STYLE = Automatic;
				CURRENT_PROJECT_VERSION = 1;
				DEVELOPMENT_TEAM = 9YKM5M98L4;
				GENERATE_INFOPLIST_FILE = YES;
				LD_RUNPATH_SEARCH_PATHS = (
					"$(inherited)",
					"@executable_path/Frameworks",
					"@loader_path/Frameworks",
				);
				MARKETING_VERSION = 1.0;
				PRODUCT_BUNDLE_IDENTIFIER = "com.ab.walle.WallE-SwiftUITests";
				PRODUCT_NAME = "$(TARGET_NAME)";
				SWIFT_EMIT_LOC_STRINGS = NO;
				SWIFT_OPTIMIZATION_LEVEL = "-Onone";
				SWIFT_VERSION = 5.0;
				TARGETED_DEVICE_FAMILY = "1,2";
				TEST_TARGET_NAME = "WallE-Swift";
			};
			name = Debug;
		};
		533230F727FC896A009F0A91 /* Release */ = {
			isa = XCBuildConfiguration;
			buildSettings = {
				ALWAYS_EMBED_SWIFT_STANDARD_LIBRARIES = YES;
				CLANG_ENABLE_MODULES = YES;
				CODE_SIGN_STYLE = Automatic;
				CURRENT_PROJECT_VERSION = 1;
				DEVELOPMENT_TEAM = 9YKM5M98L4;
				GENERATE_INFOPLIST_FILE = YES;
				LD_RUNPATH_SEARCH_PATHS = (
					"$(inherited)",
					"@executable_path/Frameworks",
					"@loader_path/Frameworks",
				);
				MARKETING_VERSION = 1.0;
				PRODUCT_BUNDLE_IDENTIFIER = "com.ab.walle.WallE-SwiftUITests";
				PRODUCT_NAME = "$(TARGET_NAME)";
				SWIFT_EMIT_LOC_STRINGS = NO;
				SWIFT_VERSION = 5.0;
				TARGETED_DEVICE_FAMILY = "1,2";
				TEST_TARGET_NAME = "WallE-Swift";
			};
			name = Release;
		};
/* End XCBuildConfiguration section */

/* Begin XCConfigurationList section */
		533230C027FC8965009F0A91 /* Build configuration list for PBXProject "WalE-Swift" */ = {
			isa = XCConfigurationList;
			buildConfigurations = (
				533230ED27FC896A009F0A91 /* Debug */,
				533230EE27FC896A009F0A91 /* Release */,
			);
			defaultConfigurationIsVisible = 0;
			defaultConfigurationName = Release;
		};
		533230EF27FC896A009F0A91 /* Build configuration list for PBXNativeTarget "WalE-Swift" */ = {
			isa = XCConfigurationList;
			buildConfigurations = (
				533230F027FC896A009F0A91 /* Debug */,
				533230F127FC896A009F0A91 /* Release */,
			);
			defaultConfigurationIsVisible = 0;
			defaultConfigurationName = Release;
		};
		533230F227FC896A009F0A91 /* Build configuration list for PBXNativeTarget "WalE-SwiftTests" */ = {
			isa = XCConfigurationList;
			buildConfigurations = (
				533230F327FC896A009F0A91 /* Debug */,
				533230F427FC896A009F0A91 /* Release */,
			);
			defaultConfigurationIsVisible = 0;
			defaultConfigurationName = Release;
		};
		533230F527FC896A009F0A91 /* Build configuration list for PBXNativeTarget "WalE-SwiftUITests" */ = {
			isa = XCConfigurationList;
			buildConfigurations = (
				533230F627FC896A009F0A91 /* Debug */,
				533230F727FC896A009F0A91 /* Release */,
			);
			defaultConfigurationIsVisible = 0;
			defaultConfigurationName = Release;
		};
/* End XCConfigurationList section */
	};
	rootObject = 533230BD27FC8965009F0A91 /* Project object */;
}
